// !$*UTF8*$!
{
	archiveVersion = 1;
	classes = {
	};
	objectVersion = 50;
	objects = {

/* Begin PBXBuildFile section */
		429D81DE23AF5192000230DD /* AppDelegate.swift in Sources */ = {isa = PBXBuildFile; fileRef = 429D81DD23AF5192000230DD /* AppDelegate.swift */; };
		429D81E023AF5192000230DD /* SceneDelegate.swift in Sources */ = {isa = PBXBuildFile; fileRef = 429D81DF23AF5192000230DD /* SceneDelegate.swift */; };
		429D81E223AF5192000230DD /* ContentView.swift in Sources */ = {isa = PBXBuildFile; fileRef = 429D81E123AF5192000230DD /* ContentView.swift */; };
		429D81E423AF5197000230DD /* Assets.xcassets in Resources */ = {isa = PBXBuildFile; fileRef = 429D81E323AF5197000230DD /* Assets.xcassets */; };
		429D81E723AF5197000230DD /* Preview Assets.xcassets in Resources */ = {isa = PBXBuildFile; fileRef = 429D81E623AF5197000230DD /* Preview Assets.xcassets */; };
		429D81EA23AF5197000230DD /* LaunchScreen.storyboard in Resources */ = {isa = PBXBuildFile; fileRef = 429D81E823AF5197000230DD /* LaunchScreen.storyboard */; };
		429D81F323AF51CE000230DD /* TabLayout.swift in Sources */ = {isa = PBXBuildFile; fileRef = 429D81F223AF51CE000230DD /* TabLayout.swift */; };
		429D81F623AF5244000230DD /* Tab.swift in Sources */ = {isa = PBXBuildFile; fileRef = 429D81F523AF5244000230DD /* Tab.swift */; };
		429D81FA23AF5C95000230DD /* ViewExt.swift in Sources */ = {isa = PBXBuildFile; fileRef = 429D81F923AF5C95000230DD /* ViewExt.swift */; };
		429D81FC23AF6031000230DD /* AlertView.swift in Sources */ = {isa = PBXBuildFile; fileRef = 429D81FB23AF6031000230DD /* AlertView.swift */; };
/* End PBXBuildFile section */

/* Begin PBXFileReference section */
		429D81DA23AF5192000230DD /* SwiftUIBug.app */ = {isa = PBXFileReference; explicitFileType = wrapper.application; includeInIndex = 0; path = SwiftUIBug.app; sourceTree = BUILT_PRODUCTS_DIR; };
		429D81DD23AF5192000230DD /* AppDelegate.swift */ = {isa = PBXFileReference; lastKnownFileType = sourcecode.swift; path = AppDelegate.swift; sourceTree = "<group>"; };
		429D81DF23AF5192000230DD /* SceneDelegate.swift */ = {isa = PBXFileReference; lastKnownFileType = sourcecode.swift; path = SceneDelegate.swift; sourceTree = "<group>"; };
		429D81E123AF5192000230DD /* ContentView.swift */ = {isa = PBXFileReference; lastKnownFileType = sourcecode.swift; path = ContentView.swift; sourceTree = "<group>"; };
		429D81E323AF5197000230DD /* Assets.xcassets */ = {isa = PBXFileReference; lastKnownFileType = folder.assetcatalog; path = Assets.xcassets; sourceTree = "<group>"; };
		429D81E623AF5197000230DD /* Preview Assets.xcassets */ = {isa = PBXFileReference; lastKnownFileType = folder.assetcatalog; path = "Preview Assets.xcassets"; sourceTree = "<group>"; };
		429D81E923AF5197000230DD /* Base */ = {isa = PBXFileReference; lastKnownFileType = file.storyboard; name = Base; path = Base.lproj/LaunchScreen.storyboard; sourceTree = "<group>"; };
		429D81EB23AF5197000230DD /* Info.plist */ = {isa = PBXFileReference; lastKnownFileType = text.plist.xml; path = Info.plist; sourceTree = "<group>"; };
		429D81F223AF51CE000230DD /* TabLayout.swift */ = {isa = PBXFileReference; lastKnownFileType = sourcecode.swift; path = TabLayout.swift; sourceTree = "<group>"; };
		429D81F523AF5244000230DD /* Tab.swift */ = {isa = PBXFileReference; lastKnownFileType = sourcecode.swift; path = Tab.swift; sourceTree = "<group>"; };
		429D81F923AF5C95000230DD /* ViewExt.swift */ = {isa = PBXFileReference; lastKnownFileType = sourcecode.swift; path = ViewExt.swift; sourceTree = "<group>"; };
		429D81FB23AF6031000230DD /* AlertView.swift */ = {isa = PBXFileReference; lastKnownFileType = sourcecode.swift; path = AlertView.swift; sourceTree = "<group>"; };
		429D81FD23AF6566000230DD /* README.md */ = {isa = PBXFileReference; lastKnownFileType = net.daringfireball.markdown; path = README.md; sourceTree = "<group>"; };
/* End PBXFileReference section */

/* Begin PBXFrameworksBuildPhase section */
		429D81D723AF5192000230DD /* Frameworks */ = {
			isa = PBXFrameworksBuildPhase;
			buildActionMask = 2147483647;
			files = (
			);
			runOnlyForDeploymentPostprocessing = 0;
		};
/* End PBXFrameworksBuildPhase section */

/* Begin PBXGroup section */
		429D81D123AF5192000230DD = {
			isa = PBXGroup;
			children = (
				429D81DC23AF5192000230DD /* SwiftUIBug */,
				429D81DB23AF5192000230DD /* Products */,
			);
			sourceTree = "<group>";
		};
		429D81DB23AF5192000230DD /* Products */ = {
			isa = PBXGroup;
			children = (
				429D81DA23AF5192000230DD /* SwiftUIBug.app */,
			);
			name = Products;
			sourceTree = "<group>";
		};
		429D81DC23AF5192000230DD /* SwiftUIBug */ = {
			isa = PBXGroup;
			children = (
				429D81F823AF5C87000230DD /* Exts */,
				429D81F123AF51B7000230DD /* Bugs */,
				429D81DD23AF5192000230DD /* AppDelegate.swift */,
				429D81DF23AF5192000230DD /* SceneDelegate.swift */,
				429D81E123AF5192000230DD /* ContentView.swift */,
				429D81E323AF5197000230DD /* Assets.xcassets */,
				429D81E823AF5197000230DD /* LaunchScreen.storyboard */,
				429D81EB23AF5197000230DD /* Info.plist */,
				429D81E523AF5197000230DD /* Preview Content */,
				429D81FD23AF6566000230DD /* README.md */,
			);
			path = SwiftUIBug;
			sourceTree = "<group>";
		};
		429D81E523AF5197000230DD /* Preview Content */ = {
			isa = PBXGroup;
			children = (
				429D81E623AF5197000230DD /* Preview Assets.xcassets */,
			);
			path = "Preview Content";
			sourceTree = "<group>";
		};
		429D81F123AF51B7000230DD /* Bugs */ = {
			isa = PBXGroup;
			children = (
				429D81F423AF522F000230DD /* TabLayout */,
				429D81F723AF59DF000230DD /* Alert */,
			);
			path = Bugs;
			sourceTree = "<group>";
		};
		429D81F423AF522F000230DD /* TabLayout */ = {
			isa = PBXGroup;
			children = (
				429D81F223AF51CE000230DD /* TabLayout.swift */,
				429D81F523AF5244000230DD /* Tab.swift */,
			);
			path = TabLayout;
			sourceTree = "<group>";
		};
		429D81F723AF59DF000230DD /* Alert */ = {
			isa = PBXGroup;
			children = (
				429D81FB23AF6031000230DD /* AlertView.swift */,
			);
			path = Alert;
			sourceTree = "<group>";
		};
		429D81F823AF5C87000230DD /* Exts */ = {
			isa = PBXGroup;
			children = (
				429D81F923AF5C95000230DD /* ViewExt.swift */,
			);
			path = Exts;
			sourceTree = "<group>";
		};
/* End PBXGroup section */

/* Begin PBXNativeTarget section */
		429D81D923AF5192000230DD /* SwiftUIBug */ = {
			isa = PBXNativeTarget;
			buildConfigurationList = 429D81EE23AF5197000230DD /* Build configuration list for PBXNativeTarget "SwiftUIBug" */;
			buildPhases = (
				429D81D623AF5192000230DD /* Sources */,
				429D81D723AF5192000230DD /* Frameworks */,
				429D81D823AF5192000230DD /* Resources */,
			);
			buildRules = (
			);
			dependencies = (
			);
			name = SwiftUIBug;
			productName = SwiftUIBug;
			productReference = 429D81DA23AF5192000230DD /* SwiftUIBug.app */;
			productType = "com.apple.product-type.application";
		};
/* End PBXNativeTarget section */

/* Begin PBXProject section */
		429D81D223AF5192000230DD /* Project object */ = {
			isa = PBXProject;
			attributes = {
				LastSwiftUpdateCheck = 1130;
				LastUpgradeCheck = 1130;
				ORGANIZATIONNAME = wanbo;
				TargetAttributes = {
					429D81D923AF5192000230DD = {
						CreatedOnToolsVersion = 11.3;
					};
				};
			};
			buildConfigurationList = 429D81D523AF5192000230DD /* Build configuration list for PBXProject "SwiftUIBug" */;
			compatibilityVersion = "Xcode 9.3";
			developmentRegion = en;
			hasScannedForEncodings = 0;
			knownRegions = (
				en,
				Base,
			);
			mainGroup = 429D81D123AF5192000230DD;
			productRefGroup = 429D81DB23AF5192000230DD /* Products */;
			projectDirPath = "";
			projectRoot = "";
			targets = (
				429D81D923AF5192000230DD /* SwiftUIBug */,
			);
		};
/* End PBXProject section */

/* Begin PBXResourcesBuildPhase section */
		429D81D823AF5192000230DD /* Resources */ = {
			isa = PBXResourcesBuildPhase;
			buildActionMask = 2147483647;
			files = (
				429D81EA23AF5197000230DD /* LaunchScreen.storyboard in Resources */,
				429D81E723AF5197000230DD /* Preview Assets.xcassets in Resources */,
				429D81E423AF5197000230DD /* Assets.xcassets in Resources */,
			);
			runOnlyForDeploymentPostprocessing = 0;
		};
/* End PBXResourcesBuildPhase section */

/* Begin PBXSourcesBuildPhase section */
		429D81D623AF5192000230DD /* Sources */ = {
			isa = PBXSourcesBuildPhase;
			buildActionMask = 2147483647;
			files = (
				429D81DE23AF5192000230DD /* AppDelegate.swift in Sources */,
				429D81E023AF5192000230DD /* SceneDelegate.swift in Sources */,
				429D81FC23AF6031000230DD /* AlertView.swift in Sources */,
				429D81E223AF5192000230DD /* ContentView.swift in Sources */,
				429D81F623AF5244000230DD /* Tab.swift in Sources */,
				429D81FA23AF5C95000230DD /* ViewExt.swift in Sources */,
				429D81F323AF51CE000230DD /* TabLayout.swift in Sources */,
			);
			runOnlyForDeploymentPostprocessing = 0;
		};
/* End PBXSourcesBuildPhase section */

/* Begin PBXVariantGroup section */
		429D81E823AF5197000230DD /* LaunchScreen.storyboard */ = {
			isa = PBXVariantGroup;
			children = (
				429D81E923AF5197000230DD /* Base */,
			);
			name = LaunchScreen.storyboard;
			sourceTree = "<group>";
		};
/* End PBXVariantGroup section */

/* Begin XCBuildConfiguration section */
		429D81EC23AF5197000230DD /* Debug */ = {
			isa = XCBuildConfiguration;
			buildSettings = {
				ALWAYS_SEARCH_USER_PATHS = NO;
				CLANG_ANALYZER_NONNULL = YES;
				CLANG_ANALYZER_NUMBER_OBJECT_CONVERSION = YES_AGGRESSIVE;
				CLANG_CXX_LANGUAGE_STANDARD = "gnu++14";
				CLANG_CXX_LIBRARY = "libc++";
				CLANG_ENABLE_MODULES = YES;
				CLANG_ENABLE_OBJC_ARC = YES;
				CLANG_ENABLE_OBJC_WEAK = YES;
				CLANG_WARN_BLOCK_CAPTURE_AUTORELEASING = YES;
				CLANG_WARN_BOOL_CONVERSION = YES;
				CLANG_WARN_COMMA = YES;
				CLANG_WARN_CONSTANT_CONVERSION = YES;
				CLANG_WARN_DEPRECATED_OBJC_IMPLEMENTATIONS = YES;
				CLANG_WARN_DIRECT_OBJC_ISA_USAGE = YES_ERROR;
				CLANG_WARN_DOCUMENTATION_COMMENTS = YES;
				CLANG_WARN_EMPTY_BODY = YES;
				CLANG_WARN_ENUM_CONVERSION = YES;
				CLANG_WARN_INFINITE_RECURSION = YES;
				CLANG_WARN_INT_CONVERSION = YES;
				CLANG_WARN_NON_LITERAL_NULL_CONVERSION = YES;
				CLANG_WARN_OBJC_IMPLICIT_RETAIN_SELF = YES;
				CLANG_WARN_OBJC_LITERAL_CONVERSION = YES;
				CLANG_WARN_OBJC_ROOT_CLASS = YES_ERROR;
				CLANG_WARN_RANGE_LOOP_ANALYSIS = YES;
				CLANG_WARN_STRICT_PROTOTYPES = YES;
				CLANG_WARN_SUSPICIOUS_MOVE = YES;
				CLANG_WARN_UNGUARDED_AVAILABILITY = YES_AGGRESSIVE;
				CLANG_WARN_UNREACHABLE_CODE = YES;
				CLANG_WARN__DUPLICATE_METHOD_MATCH = YES;
				COPY_PHASE_STRIP = NO;
				DEBUG_INFORMATION_FORMAT = dwarf;
				ENABLE_STRICT_OBJC_MSGSEND = YES;
				ENABLE_TESTABILITY = YES;
				GCC_C_LANGUAGE_STANDARD = gnu11;
				GCC_DYNAMIC_NO_PIC = NO;
				GCC_NO_COMMON_BLOCKS = YES;
				GCC_OPTIMIZATION_LEVEL = 0;
				GCC_PREPROCESSOR_DEFINITIONS = (
					"DEBUG=1",
					"$(inherited)",
				);
				GCC_WARN_64_TO_32_BIT_CONVERSION = YES;
				GCC_WARN_ABOUT_RETURN_TYPE = YES_ERROR;
				GCC_WARN_UNDECLARED_SELECTOR = YES;
				GCC_WARN_UNINITIALIZED_AUTOS = YES_AGGRESSIVE;
				GCC_WARN_UNUSED_FUNCTION = YES;
				GCC_WARN_UNUSED_VARIABLE = YES;
				IPHONEOS_DEPLOYMENT_TARGET = 13.2;
				MTL_ENABLE_DEBUG_INFO = INCLUDE_SOURCE;
				MTL_FAST_MATH = YES;
				ONLY_ACTIVE_ARCH = YES;
				SDKROOT = iphoneos;
				SWIFT_ACTIVE_COMPILATION_CONDITIONS = DEBUG;
				SWIFT_OPTIMIZATION_LEVEL = "-Onone";
			};
			name = Debug;
		};
		429D81ED23AF5197000230DD /* Release */ = {
			isa = XCBuildConfiguration;
			buildSettings = {
				ALWAYS_SEARCH_USER_PATHS = NO;
				CLANG_ANALYZER_NONNULL = YES;
				CLANG_ANALYZER_NUMBER_OBJECT_CONVERSION = YES_AGGRESSIVE;
				CLANG_CXX_LANGUAGE_STANDARD = "gnu++14";
				CLANG_CXX_LIBRARY = "libc++";
				CLANG_ENABLE_MODULES = YES;
				CLANG_ENABLE_OBJC_ARC = YES;
				CLANG_ENABLE_OBJC_WEAK = YES;
				CLANG_WARN_BLOCK_CAPTURE_AUTORELEASING = YES;
				CLANG_WARN_BOOL_CONVERSION = YES;
				CLANG_WARN_COMMA = YES;
				CLANG_WARN_CONSTANT_CONVERSION = YES;
				CLANG_WARN_DEPRECATED_OBJC_IMPLEMENTATIONS = YES;
				CLANG_WARN_DIRECT_OBJC_ISA_USAGE = YES_ERROR;
				CLANG_WARN_DOCUMENTATION_COMMENTS = YES;
				CLANG_WARN_EMPTY_BODY = YES;
				CLANG_WARN_ENUM_CONVERSION = YES;
				CLANG_WARN_INFINITE_RECURSION = YES;
				CLANG_WARN_INT_CONVERSION = YES;
				CLANG_WARN_NON_LITERAL_NULL_CONVERSION = YES;
				CLANG_WARN_OBJC_IMPLICIT_RETAIN_SELF = YES;
				CLANG_WARN_OBJC_LITERAL_CONVERSION = YES;
				CLANG_WARN_OBJC_ROOT_CLASS = YES_ERROR;
				CLANG_WARN_RANGE_LOOP_ANALYSIS = YES;
				CLANG_WARN_STRICT_PROTOTYPES = YES;
				CLANG_WARN_SUSPICIOUS_MOVE = YES;
				CLANG_WARN_UNGUARDED_AVAILABILITY = YES_AGGRESSIVE;
				CLANG_WARN_UNREACHABLE_CODE = YES;
				CLANG_WARN__DUPLICATE_METHOD_MATCH = YES;
				COPY_PHASE_STRIP = NO;
				DEBUG_INFORMATION_FORMAT = "dwarf-with-dsym";
				ENABLE_NS_ASSERTIONS = NO;
				ENABLE_STRICT_OBJC_MSGSEND = YES;
				GCC_C_LANGUAGE_STANDARD = gnu11;
				GCC_NO_COMMON_BLOCKS = YES;
				GCC_WARN_64_TO_32_BIT_CONVERSION = YES;
				GCC_WARN_ABOUT_RETURN_TYPE = YES_ERROR;
				GCC_WARN_UNDECLARED_SELECTOR = YES;
				GCC_WARN_UNINITIALIZED_AUTOS = YES_AGGRESSIVE;
				GCC_WARN_UNUSED_FUNCTION = YES;
				GCC_WARN_UNUSED_VARIABLE = YES;
				IPHONEOS_DEPLOYMENT_TARGET = 13.2;
				MTL_ENABLE_DEBUG_INFO = NO;
				MTL_FAST_MATH = YES;
				SDKROOT = iphoneos;
				SWIFT_COMPILATION_MODE = wholemodule;
				SWIFT_OPTIMIZATION_LEVEL = "-O";
				VALIDATE_PRODUCT = YES;
			};
			name = Release;
		};
		429D81EF23AF5197000230DD /* Debug */ = {
			isa = XCBuildConfiguration;
			buildSettings = {
				ASSETCATALOG_COMPILER_APPICON_NAME = AppIcon;
				CODE_SIGN_STYLE = Automatic;
				DEVELOPMENT_ASSET_PATHS = "\"SwiftUIBug/Preview Content\"";
				DEVELOPMENT_TEAM = 7DWKKQ436T;
				ENABLE_PREVIEWS = YES;
				INFOPLIST_FILE = SwiftUIBug/Info.plist;
				LD_RUNPATH_SEARCH_PATHS = (
					"$(inherited)",
					"@executable_path/Frameworks",
				);
				PRODUCT_BUNDLE_IDENTIFIER = app.fantasticthing.SwiftUIBug;
				PRODUCT_NAME = "$(TARGET_NAME)";
				SWIFT_VERSION = 5.0;
				TARGETED_DEVICE_FAMILY = "1,2";
			};
			name = Debug;
		};
		429D81F023AF5197000230DD /* Release */ = {
			isa = XCBuildConfiguration;
			buildSettings = {
				ASSETCATALOG_COMPILER_APPICON_NAME = AppIcon;
				CODE_SIGN_STYLE = Automatic;
				DEVELOPMENT_ASSET_PATHS = "\"SwiftUIBug/Preview Content\"";
				DEVELOPMENT_TEAM = 7DWKKQ436T;
				ENABLE_PREVIEWS = YES;
				INFOPLIST_FILE = SwiftUIBug/Info.plist;
				LD_RUNPATH_SEARCH_PATHS = (
					"$(inherited)",
					"@executable_path/Frameworks",
				);
				PRODUCT_BUNDLE_IDENTIFIER = app.fantasticthing.SwiftUIBug;
				PRODUCT_NAME = "$(TARGET_NAME)";
				SWIFT_VERSION = 5.0;
				TARGETED_DEVICE_FAMILY = "1,2";
			};
			name = Release;
		};
/* End XCBuildConfiguration section */

/* Begin XCConfigurationList section */
		429D81D523AF5192000230DD /* Build configuration list for PBXProject "SwiftUIBug" */ = {
			isa = XCConfigurationList;
			buildConfigurations = (
				429D81EC23AF5197000230DD /* Debug */,
				429D81ED23AF5197000230DD /* Release */,
			);
			defaultConfigurationIsVisible = 0;
			defaultConfigurationName = Release;
		};
		429D81EE23AF5197000230DD /* Build configuration list for PBXNativeTarget "SwiftUIBug" */ = {
			isa = XCConfigurationList;
			buildConfigurations = (
				429D81EF23AF5197000230DD /* Debug */,
				429D81F023AF5197000230DD /* Release */,
			);
			defaultConfigurationIsVisible = 0;
			defaultConfigurationName = Release;
		};
/* End XCConfigurationList section */
	};
	rootObject = 429D81D223AF5192000230DD /* Project object */;
}
